// !$*UTF8*$!
{
	archiveVersion = 1;
	classes = {
	};
	objectVersion = 55;
	objects = {

/* Begin PBXBuildFile section */
		EB28704E276C18AC00A2D14D /* AppDelegate.swift in Sources */ = {isa = PBXBuildFile; fileRef = EB28704D276C18AC00A2D14D /* AppDelegate.swift */; };
		EB287050276C18AC00A2D14D /* SceneDelegate.swift in Sources */ = {isa = PBXBuildFile; fileRef = EB28704F276C18AC00A2D14D /* SceneDelegate.swift */; };
		EB287052276C18AC00A2D14D /* ViewController.swift in Sources */ = {isa = PBXBuildFile; fileRef = EB287051276C18AC00A2D14D /* ViewController.swift */; };
		EB287055276C18AC00A2D14D /* Main.storyboard in Resources */ = {isa = PBXBuildFile; fileRef = EB287053276C18AC00A2D14D /* Main.storyboard */; };
		EB287057276C18AE00A2D14D /* Assets.xcassets in Resources */ = {isa = PBXBuildFile; fileRef = EB287056276C18AE00A2D14D /* Assets.xcassets */; };
		EB28705A276C18AE00A2D14D /* LaunchScreen.storyboard in Resources */ = {isa = PBXBuildFile; fileRef = EB287058276C18AE00A2D14D /* LaunchScreen.storyboard */; };
		EB287062276C1AAF00A2D14D /* health.jpeg in Resources */ = {isa = PBXBuildFile; fileRef = EB287061276C1AAE00A2D14D /* health.jpeg */; };
		EB287064276C1EA300A2D14D /* User-red-icon.png in Resources */ = {isa = PBXBuildFile; fileRef = EB287063276C1EA300A2D14D /* User-red-icon.png */; };
/* End PBXBuildFile section */

/* Begin PBXFileReference section */
		EB28704A276C18AC00A2D14D /* MapdBMIFinal.app */ = {isa = PBXFileReference; explicitFileType = wrapper.application; includeInIndex = 0; path = MapdBMIFinal.app; sourceTree = BUILT_PRODUCTS_DIR; };
		EB28704D276C18AC00A2D14D /* AppDelegate.swift */ = {isa = PBXFileReference; lastKnownFileType = sourcecode.swift; path = AppDelegate.swift; sourceTree = "<group>"; };
		EB28704F276C18AC00A2D14D /* SceneDelegate.swift */ = {isa = PBXFileReference; lastKnownFileType = sourcecode.swift; path = SceneDelegate.swift; sourceTree = "<group>"; };
		EB287051276C18AC00A2D14D /* ViewController.swift */ = {isa = PBXFileReference; lastKnownFileType = sourcecode.swift; path = ViewController.swift; sourceTree = "<group>"; };
		EB287054276C18AC00A2D14D /* Base */ = {isa = PBXFileReference; lastKnownFileType = file.storyboard; name = Base; path = Base.lproj/Main.storyboard; sourceTree = "<group>"; };
		EB287056276C18AE00A2D14D /* Assets.xcassets */ = {isa = PBXFileReference; lastKnownFileType = folder.assetcatalog; path = Assets.xcassets; sourceTree = "<group>"; };
		EB287059276C18AE00A2D14D /* Base */ = {isa = PBXFileReference; lastKnownFileType = file.storyboard; name = Base; path = Base.lproj/LaunchScreen.storyboard; sourceTree = "<group>"; };
		EB28705B276C18AE00A2D14D /* Info.plist */ = {isa = PBXFileReference; lastKnownFileType = text.plist.xml; path = Info.plist; sourceTree = "<group>"; };
		EB287061276C1AAE00A2D14D /* health.jpeg */ = {isa = PBXFileReference; lastKnownFileType = image.jpeg; name = health.jpeg; path = ../../../../../../../Downloads/health.jpeg; sourceTree = "<group>"; };
		EB287063276C1EA300A2D14D /* User-red-icon.png */ = {isa = PBXFileReference; lastKnownFileType = image.png; name = "User-red-icon.png"; path = "../../../../../../../Downloads/User-red-icon.png"; sourceTree = "<group>"; };
/* End PBXFileReference section */

/* Begin PBXFrameworksBuildPhase section */
		EB287047276C18AC00A2D14D /* Frameworks */ = {
			isa = PBXFrameworksBuildPhase;
			buildActionMask = 2147483647;
			files = (
			);
			runOnlyForDeploymentPostprocessing = 0;
		};
/* End PBXFrameworksBuildPhase section */

/* Begin PBXGroup section */
		EB287041276C18AB00A2D14D = {
			isa = PBXGroup;
			children = (
				EB28704C276C18AC00A2D14D /* MapdBMIFinal */,
				EB28704B276C18AC00A2D14D /* Products */,
			);
			sourceTree = "<group>";
		};
		EB28704B276C18AC00A2D14D /* Products */ = {
			isa = PBXGroup;
			children = (
				EB28704A276C18AC00A2D14D /* MapdBMIFinal.app */,
			);
			name = Products;
			sourceTree = "<group>";
		};
		EB28704C276C18AC00A2D14D /* MapdBMIFinal */ = {
			isa = PBXGroup;
			children = (
				EB28704D276C18AC00A2D14D /* AppDelegate.swift */,
				EB28704F276C18AC00A2D14D /* SceneDelegate.swift */,
				EB287063276C1EA300A2D14D /* User-red-icon.png */,
				EB287051276C18AC00A2D14D /* ViewController.swift */,
				EB287053276C18AC00A2D14D /* Main.storyboard */,
				EB287056276C18AE00A2D14D /* Assets.xcassets */,
				EB287061276C1AAE00A2D14D /* health.jpeg */,
				EB287058276C18AE00A2D14D /* LaunchScreen.storyboard */,
				EB28705B276C18AE00A2D14D /* Info.plist */,
			);
			path = MapdBMIFinal;
			sourceTree = "<group>";
		};
/* End PBXGroup section */

/* Begin PBXNativeTarget section */
		EB287049276C18AC00A2D14D /* MapdBMIFinal */ = {
			isa = PBXNativeTarget;
			buildConfigurationList = EB28705E276C18AE00A2D14D /* Build configuration list for PBXNativeTarget "MapdBMIFinal" */;
			buildPhases = (
				EB287046276C18AC00A2D14D /* Sources */,
				EB287047276C18AC00A2D14D /* Frameworks */,
				EB287048276C18AC00A2D14D /* Resources */,
			);
			buildRules = (
			);
			dependencies = (
			);
			name = MapdBMIFinal;
			productName = MapdBMIFinal;
			productReference = EB28704A276C18AC00A2D14D /* MapdBMIFinal.app */;
			productType = "com.apple.product-type.application";
		};
/* End PBXNativeTarget section */

/* Begin PBXProject section */
		EB287042276C18AB00A2D14D /* Project object */ = {
			isa = PBXProject;
			attributes = {
				BuildIndependentTargetsInParallel = 1;
				LastSwiftUpdateCheck = 1320;
				LastUpgradeCheck = 1320;
				TargetAttributes = {
					EB287049276C18AC00A2D14D = {
						CreatedOnToolsVersion = 13.2;
					};
				};
			};
			buildConfigurationList = EB287045276C18AC00A2D14D /* Build configuration list for PBXProject "MapdBMIFinal" */;
			compatibilityVersion = "Xcode 13.0";
			developmentRegion = en;
			hasScannedForEncodings = 0;
			knownRegions = (
				en,
				Base,
			);
			mainGroup = EB287041276C18AB00A2D14D;
			productRefGroup = EB28704B276C18AC00A2D14D /* Products */;
			projectDirPath = "";
			projectRoot = "";
			targets = (
				EB287049276C18AC00A2D14D /* MapdBMIFinal */,
			);
		};
/* End PBXProject section */

/* Begin PBXResourcesBuildPhase section */
		EB287048276C18AC00A2D14D /* Resources */ = {
			isa = PBXResourcesBuildPhase;
			buildActionMask = 2147483647;
			files = (
				EB28705A276C18AE00A2D14D /* LaunchScreen.storyboard in Resources */,
				EB287062276C1AAF00A2D14D /* health.jpeg in Resources */,
				EB287057276C18AE00A2D14D /* Assets.xcassets in Resources */,
				EB287064276C1EA300A2D14D /* User-red-icon.png in Resources */,
				EB287055276C18AC00A2D14D /* Main.storyboard in Resources */,
			);
			runOnlyForDeploymentPostprocessing = 0;
		};
/* End PBXResourcesBuildPhase section */

/* Begin PBXSourcesBuildPhase section */
		EB287046276C18AC00A2D14D /* Sources */ = {
			isa = PBXSourcesBuildPhase;
			buildActionMask = 2147483647;
			files = (
				EB287052276C18AC00A2D14D /* ViewController.swift in Sources */,
				EB28704E276C18AC00A2D14D /* AppDelegate.swift in Sources */,
				EB287050276C18AC00A2D14D /* SceneDelegate.swift in Sources */,
			);
			runOnlyForDeploymentPostprocessing = 0;
		};
/* End PBXSourcesBuildPhase section */

/* Begin PBXVariantGroup section */
		EB287053276C18AC00A2D14D /* Main.storyboard */ = {
			isa = PBXVariantGroup;
			children = (
				EB287054276C18AC00A2D14D /* Base */,
			);
			name = Main.storyboard;
			sourceTree = "<group>";
		};
		EB287058276C18AE00A2D14D /* LaunchScreen.storyboard */ = {
			isa = PBXVariantGroup;
			children = (
				EB287059276C18AE00A2D14D /* Base */,
			);
			name = LaunchScreen.storyboard;
			sourceTree = "<group>";
		};
/* End PBXVariantGroup section */

/* Begin XCBuildConfiguration section */
		EB28705C276C18AE00A2D14D /* Debug */ = {
			isa = XCBuildConfiguration;
			buildSettings = {
				ALWAYS_SEARCH_USER_PATHS = NO;
				CLANG_ANALYZER_NONNULL = YES;
				CLANG_ANALYZER_NUMBER_OBJECT_CONVERSION = YES_AGGRESSIVE;
				CLANG_CXX_LANGUAGE_STANDARD = "gnu++17";
				CLANG_CXX_LIBRARY = "libc++";
				CLANG_ENABLE_MODULES = YES;
				CLANG_ENABLE_OBJC_ARC = YES;
				CLANG_ENABLE_OBJC_WEAK = YES;
				CLANG_WARN_BLOCK_CAPTURE_AUTORELEASING = YES;
				CLANG_WARN_BOOL_CONVERSION = YES;
				CLANG_WARN_COMMA = YES;
				CLANG_WARN_CONSTANT_CONVERSION = YES;
				CLANG_WARN_DEPRECATED_OBJC_IMPLEMENTATIONS = YES;
				CLANG_WARN_DIRECT_OBJC_ISA_USAGE = YES_ERROR;
				CLANG_WARN_DOCUMENTATION_COMMENTS = YES;
				CLANG_WARN_EMPTY_BODY = YES;
				CLANG_WARN_ENUM_CONVERSION = YES;
				CLANG_WARN_INFINITE_RECURSION = YES;
				CLANG_WARN_INT_CONVERSION = YES;
				CLANG_WARN_NON_LITERAL_NULL_CONVERSION = YES;
				CLANG_WARN_OBJC_IMPLICIT_RETAIN_SELF = YES;
				CLANG_WARN_OBJC_LITERAL_CONVERSION = YES;
				CLANG_WARN_OBJC_ROOT_CLASS = YES_ERROR;
				CLANG_WARN_QUOTED_INCLUDE_IN_FRAMEWORK_HEADER = YES;
				CLANG_WARN_RANGE_LOOP_ANALYSIS = YES;
				CLANG_WARN_STRICT_PROTOTYPES = YES;
				CLANG_WARN_SUSPICIOUS_MOVE = YES;
				CLANG_WARN_UNGUARDED_AVAILABILITY = YES_AGGRESSIVE;
				CLANG_WARN_UNREACHABLE_CODE = YES;
				CLANG_WARN__DUPLICATE_METHOD_MATCH = YES;
				COPY_PHASE_STRIP = NO;
				DEBUG_INFORMATION_FORMAT = dwarf;
				ENABLE_STRICT_OBJC_MSGSEND = YES;
				ENABLE_TESTABILITY = YES;
				GCC_C_LANGUAGE_STANDARD = gnu11;
				GCC_DYNAMIC_NO_PIC = NO;
				GCC_NO_COMMON_BLOCKS = YES;
				GCC_OPTIMIZATION_LEVEL = 0;
				GCC_PREPROCESSOR_DEFINITIONS = (
					"DEBUG=1",
					"$(inherited)",
				);
				GCC_WARN_64_TO_32_BIT_CONVERSION = YES;
				GCC_WARN_ABOUT_RETURN_TYPE = YES_ERROR;
				GCC_WARN_UNDECLARED_SELECTOR = YES;
				GCC_WARN_UNINITIALIZED_AUTOS = YES_AGGRESSIVE;
				GCC_WARN_UNUSED_FUNCTION = YES;
				GCC_WARN_UNUSED_VARIABLE = YES;
				IPHONEOS_DEPLOYMENT_TARGET = 15.2;
				MTL_ENABLE_DEBUG_INFO = INCLUDE_SOURCE;
				MTL_FAST_MATH = YES;
				ONLY_ACTIVE_ARCH = YES;
				SDKROOT = iphoneos;
				SWIFT_ACTIVE_COMPILATION_CONDITIONS = DEBUG;
				SWIFT_OPTIMIZATION_LEVEL = "-Onone";
			};
			name = Debug;
		};
		EB28705D276C18AE00A2D14D /* Release */ = {
			isa = XCBuildConfiguration;
			buildSettings = {
				ALWAYS_SEARCH_USER_PATHS = NO;
				CLANG_ANALYZER_NONNULL = YES;
				CLANG_ANALYZER_NUMBER_OBJECT_CONVERSION = YES_AGGRESSIVE;
				CLANG_CXX_LANGUAGE_STANDARD = "gnu++17";
				CLANG_CXX_LIBRARY = "libc++";
				CLANG_ENABLE_MODULES = YES;
				CLANG_ENABLE_OBJC_ARC = YES;
				CLANG_ENABLE_OBJC_WEAK = YES;
				CLANG_WARN_BLOCK_CAPTURE_AUTORELEASING = YES;
				CLANG_WARN_BOOL_CONVERSION = YES;
				CLANG_WARN_COMMA = YES;
				CLANG_WARN_CONSTANT_CONVERSION = YES;
				CLANG_WARN_DEPRECATED_OBJC_IMPLEMENTATIONS = YES;
				CLANG_WARN_DIRECT_OBJC_ISA_USAGE = YES_ERROR;
				CLANG_WARN_DOCUMENTATION_COMMENTS = YES;
				CLANG_WARN_EMPTY_BODY = YES;
				CLANG_WARN_ENUM_CONVERSION = YES;
				CLANG_WARN_INFINITE_RECURSION = YES;
				CLANG_WARN_INT_CONVERSION = YES;
				CLANG_WARN_NON_LITERAL_NULL_CONVERSION = YES;
				CLANG_WARN_OBJC_IMPLICIT_RETAIN_SELF = YES;
				CLANG_WARN_OBJC_LITERAL_CONVERSION = YES;
				CLANG_WARN_OBJC_ROOT_CLASS = YES_ERROR;
				CLANG_WARN_QUOTED_INCLUDE_IN_FRAMEWORK_HEADER = YES;
				CLANG_WARN_RANGE_LOOP_ANALYSIS = YES;
				CLANG_WARN_STRICT_PROTOTYPES = YES;
				CLANG_WARN_SUSPICIOUS_MOVE = YES;
				CLANG_WARN_UNGUARDED_AVAILABILITY = YES_AGGRESSIVE;
				CLANG_WARN_UNREACHABLE_CODE = YES;
				CLANG_WARN__DUPLICATE_METHOD_MATCH = YES;
				COPY_PHASE_STRIP = NO;
				DEBUG_INFORMATION_FORMAT = "dwarf-with-dsym";
				ENABLE_NS_ASSERTIONS = NO;
				ENABLE_STRICT_OBJC_MSGSEND = YES;
				GCC_C_LANGUAGE_STANDARD = gnu11;
				GCC_NO_COMMON_BLOCKS = YES;
				GCC_WARN_64_TO_32_BIT_CONVERSION = YES;
				GCC_WARN_ABOUT_RETURN_TYPE = YES_ERROR;
				GCC_WARN_UNDECLARED_SELECTOR = YES;
				GCC_WARN_UNINITIALIZED_AUTOS = YES_AGGRESSIVE;
				GCC_WARN_UNUSED_FUNCTION = YES;
				GCC_WARN_UNUSED_VARIABLE = YES;
				IPHONEOS_DEPLOYMENT_TARGET = 15.2;
				MTL_ENABLE_DEBUG_INFO = NO;
				MTL_FAST_MATH = YES;
				SDKROOT = iphoneos;
				SWIFT_COMPILATION_MODE = wholemodule;
				SWIFT_OPTIMIZATION_LEVEL = "-O";
				VALIDATE_PRODUCT = YES;
			};
			name = Release;
		};
		EB28705F276C18AE00A2D14D /* Debug */ = {
			isa = XCBuildConfiguration;
			buildSettings = {
				ASSETCATALOG_COMPILER_APPICON_NAME = AppIcon;
				ASSETCATALOG_COMPILER_GLOBAL_ACCENT_COLOR_NAME = AccentColor;
				CODE_SIGN_STYLE = Automatic;
				CURRENT_PROJECT_VERSION = 1;
				DEVELOPMENT_TEAM = UFM3G37LM8;
				GENERATE_INFOPLIST_FILE = YES;
				INFOPLIST_FILE = MapdBMIFinal/Info.plist;
				INFOPLIST_KEY_UIApplicationSupportsIndirectInputEvents = YES;
				INFOPLIST_KEY_UILaunchStoryboardName = LaunchScreen;
				INFOPLIST_KEY_UIMainStoryboardFile = Main;
				INFOPLIST_KEY_UISupportedInterfaceOrientations_iPad = "UIInterfaceOrientationPortrait UIInterfaceOrientationPortraitUpsideDown UIInterfaceOrientationLandscapeLeft UIInterfaceOrientationLandscapeRight";
				INFOPLIST_KEY_UISupportedInterfaceOrientations_iPhone = "UIInterfaceOrientationPortrait UIInterfaceOrientationLandscapeLeft UIInterfaceOrientationLandscapeRight";
				LD_RUNPATH_SEARCH_PATHS = (
					"$(inherited)",
					"@executable_path/Frameworks",
				);
				MARKETING_VERSION = 1.0;
				PRODUCT_BUNDLE_IDENTIFIER = None.MapdBMIFinal;
				PRODUCT_NAME = "$(TARGET_NAME)";
				SWIFT_EMIT_LOC_STRINGS = YES;
				SWIFT_VERSION = 5.0;
				TARGETED_DEVICE_FAMILY = "1,2";
			};
			name = Debug;
		};
		EB287060276C18AE00A2D14D /* Release */ = {
			isa = XCBuildConfiguration;
			buildSettings = {
				ASSETCATALOG_COMPILER_APPICON_NAME = AppIcon;
				ASSETCATALOG_COMPILER_GLOBAL_ACCENT_COLOR_NAME = AccentColor;
				CODE_SIGN_STYLE = Automatic;
				CURRENT_PROJECT_VERSION = 1;
				DEVELOPMENT_TEAM = UFM3G37LM8;
				GENERATE_INFOPLIST_FILE = YES;
				INFOPLIST_FILE = MapdBMIFinal/Info.plist;
				INFOPLIST_KEY_UIApplicationSupportsIndirectInputEvents = YES;
				INFOPLIST_KEY_UILaunchStoryboardName = LaunchScreen;
				INFOPLIST_KEY_UIMainStoryboardFile = Main;
				INFOPLIST_KEY_UISupportedInterfaceOrientations_iPad = "UIInterfaceOrientationPortrait UIInterfaceOrientationPortraitUpsideDown UIInterfaceOrientationLandscapeLeft UIInterfaceOrientationLandscapeRight";
				INFOPLIST_KEY_UISupportedInterfaceOrientations_iPhone = "UIInterfaceOrientationPortrait UIInterfaceOrientationLandscapeLeft UIInterfaceOrientationLandscapeRight";
				LD_RUNPATH_SEARCH_PATHS = (
					"$(inherited)",
					"@executable_path/Frameworks",
				);
				MARKETING_VERSION = 1.0;
				PRODUCT_BUNDLE_IDENTIFIER = None.MapdBMIFinal;
				PRODUCT_NAME = "$(TARGET_NAME)";
				SWIFT_EMIT_LOC_STRINGS = YES;
				SWIFT_VERSION = 5.0;
				TARGETED_DEVICE_FAMILY = "1,2";
			};
			name = Release;
		};
/* End XCBuildConfiguration section */

/* Begin XCConfigurationList section */
		EB287045276C18AC00A2D14D /* Build configuration list for PBXProject "MapdBMIFinal" */ = {
			isa = XCConfigurationList;
			buildConfigurations = (
				EB28705C276C18AE00A2D14D /* Debug */,
				EB28705D276C18AE00A2D14D /* Release */,
			);
			defaultConfigurationIsVisible = 0;
			defaultConfigurationName = Release;
		};
		EB28705E276C18AE00A2D14D /* Build configuration list for PBXNativeTarget "MapdBMIFinal" */ = {
			isa = XCConfigurationList;
			buildConfigurations = (
				EB28705F276C18AE00A2D14D /* Debug */,
				EB287060276C18AE00A2D14D /* Release */,
			);
			defaultConfigurationIsVisible = 0;
			defaultConfigurationName = Release;
		};
/* End XCConfigurationList section */
	};
	rootObject = EB287042276C18AB00A2D14D /* Project object */;
}
